
Microsoft Visual Studio Solution File, Format Version 12.00
# Visual Studio Version 17
VisualStudioVersion = 17.8.34511.84
MinimumVisualStudioVersion = 10.0.40219.1
Project("{FAE04EC0-301F-11D3-BF4B-00C04F79EFBC}") = "GrblHalSender", "GrblHalSender\GrblHalSender.csproj", "{78E0A4E3-646B-4FEB-A2F8-4A86B1DBD1F2}"
EndProject
Project("{54435603-DBB4-11D2-8724-00A0C9A8B90C}") = "GrblHALSenderInstaller", "GrblHALSenderInstaller\GrblHALSenderInstaller.vdproj", "{A10647FD-82BA-DA10-520A-8CF49EFBCA83}"
EndProject
Global
	GlobalSection(SolutionConfigurationPlatforms) = preSolution
		Debug|Any CPU = Debug|Any CPU
		Debug|x64 = Debug|x64
		Debug|x86 = Debug|x86
		Release|Any CPU = Release|Any CPU
		Release|x64 = Release|x64
		Release|x86 = Release|x86
		X64|Any CPU = X64|Any CPU
		X64|x64 = X64|x64
		X64|x86 = X64|x86
	EndGlobalSection
	GlobalSection(ProjectConfigurationPlatforms) = postSolution
		{78E0A4E3-646B-4FEB-A2F8-4A86B1DBD1F2}.Debug|Any CPU.ActiveCfg = Debug|Any CPU
		{78E0A4E3-646B-4FEB-A2F8-4A86B1DBD1F2}.Debug|Any CPU.Build.0 = Debug|Any CPU
		{78E0A4E3-646B-4FEB-A2F8-4A86B1DBD1F2}.Debug|x64.ActiveCfg = Debug|Any CPU
		{78E0A4E3-646B-4FEB-A2F8-4A86B1DBD1F2}.Debug|x64.Build.0 = Debug|Any CPU
		{78E0A4E3-646B-4FEB-A2F8-4A86B1DBD1F2}.Debug|x86.ActiveCfg = Debug|Any CPU
		{78E0A4E3-646B-4FEB-A2F8-4A86B1DBD1F2}.Debug|x86.Build.0 = Debug|Any CPU
		{78E0A4E3-646B-4FEB-A2F8-4A86B1DBD1F2}.Release|Any CPU.ActiveCfg = Release|Any CPU
		{78E0A4E3-646B-4FEB-A2F8-4A86B1DBD1F2}.Release|Any CPU.Build.0 = Release|Any CPU
		{78E0A4E3-646B-4FEB-A2F8-4A86B1DBD1F2}.Release|x64.ActiveCfg = Release|Any CPU
		{78E0A4E3-646B-4FEB-A2F8-4A86B1DBD1F2}.Release|x64.Build.0 = Release|Any CPU
		{78E0A4E3-646B-4FEB-A2F8-4A86B1DBD1F2}.Release|x86.ActiveCfg = Release|Any CPU
		{78E0A4E3-646B-4FEB-A2F8-4A86B1DBD1F2}.Release|x86.Build.0 = Release|Any CPU
		{78E0A4E3-646B-4FEB-A2F8-4A86B1DBD1F2}.X64|Any CPU.ActiveCfg = Debug|Any CPU
		{78E0A4E3-646B-4FEB-A2F8-4A86B1DBD1F2}.X64|Any CPU.Build.0 = Debug|Any CPU
		{78E0A4E3-646B-4FEB-A2F8-4A86B1DBD1F2}.X64|x64.ActiveCfg = Debug|Any CPU
		{78E0A4E3-646B-4FEB-A2F8-4A86B1DBD1F2}.X64|x64.Build.0 = Debug|Any CPU
		{78E0A4E3-646B-4FEB-A2F8-4A86B1DBD1F2}.X64|x86.ActiveCfg = Debug|Any CPU
		{78E0A4E3-646B-4FEB-A2F8-4A86B1DBD1F2}.X64|x86.Build.0 = Debug|Any CPU
		{A10647FD-82BA-DA10-520A-8CF49EFBCA83}.Debug|Any CPU.ActiveCfg = Debug
		{A10647FD-82BA-DA10-520A-8CF49EFBCA83}.Debug|x64.ActiveCfg = Debug
		{A10647FD-82BA-DA10-520A-8CF49EFBCA83}.Debug|x86.ActiveCfg = Debug
		{A10647FD-82BA-DA10-520A-8CF49EFBCA83}.Release|Any CPU.ActiveCfg = Release
		{A10647FD-82BA-DA10-520A-8CF49EFBCA83}.Release|x64.ActiveCfg = Release
		{A10647FD-82BA-DA10-520A-8CF49EFBCA83}.Release|x86.ActiveCfg = Release
		{A10647FD-82BA-DA10-520A-8CF49EFBCA83}.X64|Any CPU.ActiveCfg = Debug
		{A10647FD-82BA-DA10-520A-8CF49EFBCA83}.X64|x64.ActiveCfg = Debug
		{A10647FD-82BA-DA10-520A-8CF49EFBCA83}.X64|x86.ActiveCfg = Debug
	EndGlobalSection
	GlobalSection(SolutionProperties) = preSolution
		HideSolutionNode = FALSE
	EndGlobalSection
	GlobalSection(ExtensibilityGlobals) = postSolution
		SolutionGuid = {90FDF8BC-1454-4633-A288-CE5F38AD2AF8}
	EndGlobalSection
EndGlobal
